// !$*UTF8*$!
{
	archiveVersion = 1;
	classes = {
	};
	objectVersion = 50;
	objects = {

/* Begin PBXBuildFile section */
		1DB60F9C232E2A5F00F57983 /* AppDelegate.swift in Sources */ = {isa = PBXBuildFile; fileRef = 1DB60F9B232E2A5F00F57983 /* AppDelegate.swift */; };
		1DB60F9E232E2A5F00F57983 /* SceneDelegate.swift in Sources */ = {isa = PBXBuildFile; fileRef = 1DB60F9D232E2A5F00F57983 /* SceneDelegate.swift */; };
		1DB60FA0232E2A5F00F57983 /* ContentView.swift in Sources */ = {isa = PBXBuildFile; fileRef = 1DB60F9F232E2A5F00F57983 /* ContentView.swift */; };
		1DB60FA2232E2A6500F57983 /* Assets.xcassets in Resources */ = {isa = PBXBuildFile; fileRef = 1DB60FA1232E2A6500F57983 /* Assets.xcassets */; };
		1DB60FA5232E2A6500F57983 /* Preview Assets.xcassets in Resources */ = {isa = PBXBuildFile; fileRef = 1DB60FA4232E2A6500F57983 /* Preview Assets.xcassets */; };
		1DB60FA8232E2A6500F57983 /* LaunchScreen.storyboard in Resources */ = {isa = PBXBuildFile; fileRef = 1DB60FA6232E2A6500F57983 /* LaunchScreen.storyboard */; };
		1DB60FB1232E2A9D00F57983 /* MainTab.swift in Sources */ = {isa = PBXBuildFile; fileRef = 1DB60FB0232E2A9D00F57983 /* MainTab.swift */; };
		1DB60FB7232E2E6100F57983 /* MovieAll.swift in Sources */ = {isa = PBXBuildFile; fileRef = 1DB60FB6232E2E6100F57983 /* MovieAll.swift */; };
		1DB60FB9232E2E8700F57983 /* TvSection.swift in Sources */ = {isa = PBXBuildFile; fileRef = 1DB60FB8232E2E8700F57983 /* TvSection.swift */; };
		1DB60FBB232E2EB200F57983 /* SearchMovie.swift in Sources */ = {isa = PBXBuildFile; fileRef = 1DB60FBA232E2EB200F57983 /* SearchMovie.swift */; };
		1DB60FBD232E2EC100F57983 /* PrfileView.swift in Sources */ = {isa = PBXBuildFile; fileRef = 1DB60FBC232E2EC100F57983 /* PrfileView.swift */; };
		1DB60FC0232E2F1A00F57983 /* DiscoverMovie.swift in Sources */ = {isa = PBXBuildFile; fileRef = 1DB60FBF232E2F1A00F57983 /* DiscoverMovie.swift */; };
		1DB60FC3232E30C000F57983 /* Movie.swift in Sources */ = {isa = PBXBuildFile; fileRef = 1DB60FC2232E30C000F57983 /* Movie.swift */; };
		1DB60FC6232E37FD00F57983 /* MovieContent.swift in Sources */ = {isa = PBXBuildFile; fileRef = 1DB60FC5232E37FD00F57983 /* MovieContent.swift */; };
		1DB60FCB232E45BE00F57983 /* UpcommingMovie.swift in Sources */ = {isa = PBXBuildFile; fileRef = 1DB60FCA232E45BE00F57983 /* UpcommingMovie.swift */; };
		1DB60FCD232E45CC00F57983 /* TopRatedMovie.swift in Sources */ = {isa = PBXBuildFile; fileRef = 1DB60FCC232E45CC00F57983 /* TopRatedMovie.swift */; };
		1DB60FCF232E45D800F57983 /* NowPlayingMovie.swift in Sources */ = {isa = PBXBuildFile; fileRef = 1DB60FCE232E45D800F57983 /* NowPlayingMovie.swift */; };
		1DB60FD1232E45E900F57983 /* MovieList.swift in Sources */ = {isa = PBXBuildFile; fileRef = 1DB60FD0232E45E900F57983 /* MovieList.swift */; };
/* End PBXBuildFile section */

/* Begin PBXFileReference section */
		1DB60F98232E2A5F00F57983 /* TheMovie-Swiftui.app */ = {isa = PBXFileReference; explicitFileType = wrapper.application; includeInIndex = 0; path = "TheMovie-Swiftui.app"; sourceTree = BUILT_PRODUCTS_DIR; };
		1DB60F9B232E2A5F00F57983 /* AppDelegate.swift */ = {isa = PBXFileReference; lastKnownFileType = sourcecode.swift; path = AppDelegate.swift; sourceTree = "<group>"; };
		1DB60F9D232E2A5F00F57983 /* SceneDelegate.swift */ = {isa = PBXFileReference; lastKnownFileType = sourcecode.swift; path = SceneDelegate.swift; sourceTree = "<group>"; };
		1DB60F9F232E2A5F00F57983 /* ContentView.swift */ = {isa = PBXFileReference; lastKnownFileType = sourcecode.swift; path = ContentView.swift; sourceTree = "<group>"; };
		1DB60FA1232E2A6500F57983 /* Assets.xcassets */ = {isa = PBXFileReference; lastKnownFileType = folder.assetcatalog; path = Assets.xcassets; sourceTree = "<group>"; };
		1DB60FA4232E2A6500F57983 /* Preview Assets.xcassets */ = {isa = PBXFileReference; lastKnownFileType = folder.assetcatalog; path = "Preview Assets.xcassets"; sourceTree = "<group>"; };
		1DB60FA7232E2A6500F57983 /* Base */ = {isa = PBXFileReference; lastKnownFileType = file.storyboard; name = Base; path = Base.lproj/LaunchScreen.storyboard; sourceTree = "<group>"; };
		1DB60FA9232E2A6500F57983 /* Info.plist */ = {isa = PBXFileReference; lastKnownFileType = text.plist.xml; path = Info.plist; sourceTree = "<group>"; };
		1DB60FB0232E2A9D00F57983 /* MainTab.swift */ = {isa = PBXFileReference; lastKnownFileType = sourcecode.swift; path = MainTab.swift; sourceTree = "<group>"; };
		1DB60FB6232E2E6100F57983 /* MovieAll.swift */ = {isa = PBXFileReference; lastKnownFileType = sourcecode.swift; path = MovieAll.swift; sourceTree = "<group>"; };
		1DB60FB8232E2E8700F57983 /* TvSection.swift */ = {isa = PBXFileReference; lastKnownFileType = sourcecode.swift; path = TvSection.swift; sourceTree = "<group>"; };
		1DB60FBA232E2EB200F57983 /* SearchMovie.swift */ = {isa = PBXFileReference; lastKnownFileType = sourcecode.swift; path = SearchMovie.swift; sourceTree = "<group>"; };
		1DB60FBC232E2EC100F57983 /* PrfileView.swift */ = {isa = PBXFileReference; lastKnownFileType = sourcecode.swift; path = PrfileView.swift; sourceTree = "<group>"; };
		1DB60FBF232E2F1A00F57983 /* DiscoverMovie.swift */ = {isa = PBXFileReference; lastKnownFileType = sourcecode.swift; path = DiscoverMovie.swift; sourceTree = "<group>"; };
		1DB60FC2232E30C000F57983 /* Movie.swift */ = {isa = PBXFileReference; lastKnownFileType = sourcecode.swift; path = Movie.swift; sourceTree = "<group>"; };
		1DB60FC5232E37FD00F57983 /* MovieContent.swift */ = {isa = PBXFileReference; lastKnownFileType = sourcecode.swift; path = MovieContent.swift; sourceTree = "<group>"; };
		1DB60FCA232E45BE00F57983 /* UpcommingMovie.swift */ = {isa = PBXFileReference; lastKnownFileType = sourcecode.swift; path = UpcommingMovie.swift; sourceTree = "<group>"; };
		1DB60FCC232E45CC00F57983 /* TopRatedMovie.swift */ = {isa = PBXFileReference; lastKnownFileType = sourcecode.swift; path = TopRatedMovie.swift; sourceTree = "<group>"; };
		1DB60FCE232E45D800F57983 /* NowPlayingMovie.swift */ = {isa = PBXFileReference; lastKnownFileType = sourcecode.swift; path = NowPlayingMovie.swift; sourceTree = "<group>"; };
		1DB60FD0232E45E900F57983 /* MovieList.swift */ = {isa = PBXFileReference; lastKnownFileType = sourcecode.swift; path = MovieList.swift; sourceTree = "<group>"; };
/* End PBXFileReference section */

/* Begin PBXFrameworksBuildPhase section */
		1DB60F95232E2A5F00F57983 /* Frameworks */ = {
			isa = PBXFrameworksBuildPhase;
			buildActionMask = 2147483647;
			files = (
			);
			runOnlyForDeploymentPostprocessing = 0;
		};
/* End PBXFrameworksBuildPhase section */

/* Begin PBXGroup section */
		1DB60F8F232E2A5F00F57983 = {
			isa = PBXGroup;
			children = (
				1DB60F9A232E2A5F00F57983 /* TheMovie-Swiftui */,
				1DB60F99232E2A5F00F57983 /* Products */,
			);
			sourceTree = "<group>";
		};
		1DB60F99232E2A5F00F57983 /* Products */ = {
			isa = PBXGroup;
			children = (
				1DB60F98232E2A5F00F57983 /* TheMovie-Swiftui.app */,
			);
			name = Products;
			sourceTree = "<group>";
		};
		1DB60F9A232E2A5F00F57983 /* TheMovie-Swiftui */ = {
			isa = PBXGroup;
			children = (
				1DB60FC1232E30B000F57983 /* Model */,
				1DB60FB4232E2E3A00F57983 /* View */,
				1DB60FAF232E2A8600F57983 /* App */,
				1DB60F9B232E2A5F00F57983 /* AppDelegate.swift */,
				1DB60F9D232E2A5F00F57983 /* SceneDelegate.swift */,
				1DB60F9F232E2A5F00F57983 /* ContentView.swift */,
				1DB60FA1232E2A6500F57983 /* Assets.xcassets */,
				1DB60FA6232E2A6500F57983 /* LaunchScreen.storyboard */,
				1DB60FA9232E2A6500F57983 /* Info.plist */,
				1DB60FA3232E2A6500F57983 /* Preview Content */,
			);
			path = "TheMovie-Swiftui";
			sourceTree = "<group>";
		};
		1DB60FA3232E2A6500F57983 /* Preview Content */ = {
			isa = PBXGroup;
			children = (
				1DB60FA4232E2A6500F57983 /* Preview Assets.xcassets */,
			);
			path = "Preview Content";
			sourceTree = "<group>";
		};
		1DB60FAF232E2A8600F57983 /* App */ = {
			isa = PBXGroup;
			children = (
				1DB60FB0232E2A9D00F57983 /* MainTab.swift */,
			);
			path = App;
			sourceTree = "<group>";
		};
		1DB60FB2232E2E2E00F57983 /* Movie */ = {
			isa = PBXGroup;
			children = (
				1DB60FC9232E44E500F57983 /* UpcomingMovie */,
				1DB60FC8232E44C600F57983 /* TopRatedMovie */,
				1DB60FC7232E44B800F57983 /* NowPlayingMovie */,
				1DB60FC4232E37E100F57983 /* Discover */,
				1DB60FB6232E2E6100F57983 /* MovieAll.swift */,
				1DB60FD0232E45E900F57983 /* MovieList.swift */,
			);
			path = Movie;
			sourceTree = "<group>";
		};
		1DB60FB3232E2E3300F57983 /* Tv */ = {
			isa = PBXGroup;
			children = (
				1DB60FB8232E2E8700F57983 /* TvSection.swift */,
			);
			path = Tv;
			sourceTree = "<group>";
		};
		1DB60FB4232E2E3A00F57983 /* View */ = {
			isa = PBXGroup;
			children = (
				1DB60FB5232E2E4A00F57983 /* Profile */,
				1DB60FB2232E2E2E00F57983 /* Movie */,
				1DB60FB3232E2E3300F57983 /* Tv */,
				1DB60FBA232E2EB200F57983 /* SearchMovie.swift */,
			);
			path = View;
			sourceTree = "<group>";
		};
		1DB60FB5232E2E4A00F57983 /* Profile */ = {
			isa = PBXGroup;
			children = (
				1DB60FBC232E2EC100F57983 /* PrfileView.swift */,
			);
			path = Profile;
			sourceTree = "<group>";
		};
		1DB60FC1232E30B000F57983 /* Model */ = {
			isa = PBXGroup;
			children = (
				1DB60FC2232E30C000F57983 /* Movie.swift */,
			);
			path = Model;
			sourceTree = "<group>";
		};
		1DB60FC4232E37E100F57983 /* Discover */ = {
			isa = PBXGroup;
			children = (
				1DB60FBF232E2F1A00F57983 /* DiscoverMovie.swift */,
				1DB60FC5232E37FD00F57983 /* MovieContent.swift */,
			);
			path = Discover;
			sourceTree = "<group>";
		};
		1DB60FC7232E44B800F57983 /* NowPlayingMovie */ = {
			isa = PBXGroup;
			children = (
				1DB60FCE232E45D800F57983 /* NowPlayingMovie.swift */,
			);
			path = NowPlayingMovie;
			sourceTree = "<group>";
		};
		1DB60FC8232E44C600F57983 /* TopRatedMovie */ = {
			isa = PBXGroup;
			children = (
				1DB60FCC232E45CC00F57983 /* TopRatedMovie.swift */,
			);
			path = TopRatedMovie;
			sourceTree = "<group>";
		};
		1DB60FC9232E44E500F57983 /* UpcomingMovie */ = {
			isa = PBXGroup;
			children = (
				1DB60FCA232E45BE00F57983 /* UpcommingMovie.swift */,
			);
			path = UpcomingMovie;
			sourceTree = "<group>";
		};
/* End PBXGroup section */

/* Begin PBXNativeTarget section */
		1DB60F97232E2A5F00F57983 /* TheMovie-Swiftui */ = {
			isa = PBXNativeTarget;
			buildConfigurationList = 1DB60FAC232E2A6500F57983 /* Build configuration list for PBXNativeTarget "TheMovie-Swiftui" */;
			buildPhases = (
				1DB60F94232E2A5F00F57983 /* Sources */,
				1DB60F95232E2A5F00F57983 /* Frameworks */,
				1DB60F96232E2A5F00F57983 /* Resources */,
			);
			buildRules = (
			);
			dependencies = (
			);
			name = "TheMovie-Swiftui";
			productName = "TheMovie-Swiftui";
			productReference = 1DB60F98232E2A5F00F57983 /* TheMovie-Swiftui.app */;
			productType = "com.apple.product-type.application";
		};
/* End PBXNativeTarget section */

/* Begin PBXProject section */
		1DB60F90232E2A5F00F57983 /* Project object */ = {
			isa = PBXProject;
			attributes = {
				LastSwiftUpdateCheck = 1100;
				LastUpgradeCheck = 1100;
				ORGANIZATIONNAME = Imran;
				TargetAttributes = {
					1DB60F97232E2A5F00F57983 = {
						CreatedOnToolsVersion = 11.0;
					};
				};
			};
			buildConfigurationList = 1DB60F93232E2A5F00F57983 /* Build configuration list for PBXProject "TheMovie-Swiftui" */;
			compatibilityVersion = "Xcode 9.3";
			developmentRegion = en;
			hasScannedForEncodings = 0;
			knownRegions = (
				en,
				Base,
			);
			mainGroup = 1DB60F8F232E2A5F00F57983;
			productRefGroup = 1DB60F99232E2A5F00F57983 /* Products */;
			projectDirPath = "";
			projectRoot = "";
			targets = (
				1DB60F97232E2A5F00F57983 /* TheMovie-Swiftui */,
			);
		};
/* End PBXProject section */

/* Begin PBXResourcesBuildPhase section */
		1DB60F96232E2A5F00F57983 /* Resources */ = {
			isa = PBXResourcesBuildPhase;
			buildActionMask = 2147483647;
			files = (
				1DB60FA8232E2A6500F57983 /* LaunchScreen.storyboard in Resources */,
				1DB60FA5232E2A6500F57983 /* Preview Assets.xcassets in Resources */,
				1DB60FA2232E2A6500F57983 /* Assets.xcassets in Resources */,
			);
			runOnlyForDeploymentPostprocessing = 0;
		};
/* End PBXResourcesBuildPhase section */

/* Begin PBXSourcesBuildPhase section */
		1DB60F94232E2A5F00F57983 /* Sources */ = {
			isa = PBXSourcesBuildPhase;
			buildActionMask = 2147483647;
			files = (
				1DB60FCF232E45D800F57983 /* NowPlayingMovie.swift in Sources */,
				1DB60FBD232E2EC100F57983 /* PrfileView.swift in Sources */,
				1DB60FB1232E2A9D00F57983 /* MainTab.swift in Sources */,
				1DB60FD1232E45E900F57983 /* MovieList.swift in Sources */,
				1DB60F9C232E2A5F00F57983 /* AppDelegate.swift in Sources */,
				1DB60F9E232E2A5F00F57983 /* SceneDelegate.swift in Sources */,
				1DB60FC3232E30C000F57983 /* Movie.swift in Sources */,
				1DB60FA0232E2A5F00F57983 /* ContentView.swift in Sources */,
				1DB60FC0232E2F1A00F57983 /* DiscoverMovie.swift in Sources */,
				1DB60FC6232E37FD00F57983 /* MovieContent.swift in Sources */,
				1DB60FBB232E2EB200F57983 /* SearchMovie.swift in Sources */,
				1DB60FB7232E2E6100F57983 /* MovieAll.swift in Sources */,
				1DB60FCD232E45CC00F57983 /* TopRatedMovie.swift in Sources */,
				1DB60FCB232E45BE00F57983 /* UpcommingMovie.swift in Sources */,
				1DB60FB9232E2E8700F57983 /* TvSection.swift in Sources */,
			);
			runOnlyForDeploymentPostprocessing = 0;
		};
/* End PBXSourcesBuildPhase section */

/* Begin PBXVariantGroup section */
		1DB60FA6232E2A6500F57983 /* LaunchScreen.storyboard */ = {
			isa = PBXVariantGroup;
			children = (
				1DB60FA7232E2A6500F57983 /* Base */,
			);
			name = LaunchScreen.storyboard;
			sourceTree = "<group>";
		};
/* End PBXVariantGroup section */

/* Begin XCBuildConfiguration section */
		1DB60FAA232E2A6500F57983 /* Debug */ = {
			isa = XCBuildConfiguration;
			buildSettings = {
				ALWAYS_SEARCH_USER_PATHS = NO;
				CLANG_ANALYZER_NONNULL = YES;
				CLANG_ANALYZER_NUMBER_OBJECT_CONVERSION = YES_AGGRESSIVE;
				CLANG_CXX_LANGUAGE_STANDARD = "gnu++14";
				CLANG_CXX_LIBRARY = "libc++";
				CLANG_ENABLE_MODULES = YES;
				CLANG_ENABLE_OBJC_ARC = YES;
				CLANG_ENABLE_OBJC_WEAK = YES;
				CLANG_WARN_BLOCK_CAPTURE_AUTORELEASING = YES;
				CLANG_WARN_BOOL_CONVERSION = YES;
				CLANG_WARN_COMMA = YES;
				CLANG_WARN_CONSTANT_CONVERSION = YES;
				CLANG_WARN_DEPRECATED_OBJC_IMPLEMENTATIONS = YES;
				CLANG_WARN_DIRECT_OBJC_ISA_USAGE = YES_ERROR;
				CLANG_WARN_DOCUMENTATION_COMMENTS = YES;
				CLANG_WARN_EMPTY_BODY = YES;
				CLANG_WARN_ENUM_CONVERSION = YES;
				CLANG_WARN_INFINITE_RECURSION = YES;
				CLANG_WARN_INT_CONVERSION = YES;
				CLANG_WARN_NON_LITERAL_NULL_CONVERSION = YES;
				CLANG_WARN_OBJC_IMPLICIT_RETAIN_SELF = YES;
				CLANG_WARN_OBJC_LITERAL_CONVERSION = YES;
				CLANG_WARN_OBJC_ROOT_CLASS = YES_ERROR;
				CLANG_WARN_RANGE_LOOP_ANALYSIS = YES;
				CLANG_WARN_STRICT_PROTOTYPES = YES;
				CLANG_WARN_SUSPICIOUS_MOVE = YES;
				CLANG_WARN_UNGUARDED_AVAILABILITY = YES_AGGRESSIVE;
				CLANG_WARN_UNREACHABLE_CODE = YES;
				CLANG_WARN__DUPLICATE_METHOD_MATCH = YES;
				COPY_PHASE_STRIP = NO;
				DEBUG_INFORMATION_FORMAT = dwarf;
				ENABLE_STRICT_OBJC_MSGSEND = YES;
				ENABLE_TESTABILITY = YES;
				GCC_C_LANGUAGE_STANDARD = gnu11;
				GCC_DYNAMIC_NO_PIC = NO;
				GCC_NO_COMMON_BLOCKS = YES;
				GCC_OPTIMIZATION_LEVEL = 0;
				GCC_PREPROCESSOR_DEFINITIONS = (
					"DEBUG=1",
					"$(inherited)",
				);
				GCC_WARN_64_TO_32_BIT_CONVERSION = YES;
				GCC_WARN_ABOUT_RETURN_TYPE = YES_ERROR;
				GCC_WARN_UNDECLARED_SELECTOR = YES;
				GCC_WARN_UNINITIALIZED_AUTOS = YES_AGGRESSIVE;
				GCC_WARN_UNUSED_FUNCTION = YES;
				GCC_WARN_UNUSED_VARIABLE = YES;
				IPHONEOS_DEPLOYMENT_TARGET = 13.0;
				MTL_ENABLE_DEBUG_INFO = INCLUDE_SOURCE;
				MTL_FAST_MATH = YES;
				ONLY_ACTIVE_ARCH = YES;
				SDKROOT = iphoneos;
				SWIFT_ACTIVE_COMPILATION_CONDITIONS = DEBUG;
				SWIFT_OPTIMIZATION_LEVEL = "-Onone";
			};
			name = Debug;
		};
		1DB60FAB232E2A6500F57983 /* Release */ = {
			isa = XCBuildConfiguration;
			buildSettings = {
				ALWAYS_SEARCH_USER_PATHS = NO;
				CLANG_ANALYZER_NONNULL = YES;
				CLANG_ANALYZER_NUMBER_OBJECT_CONVERSION = YES_AGGRESSIVE;
				CLANG_CXX_LANGUAGE_STANDARD = "gnu++14";
				CLANG_CXX_LIBRARY = "libc++";
				CLANG_ENABLE_MODULES = YES;
				CLANG_ENABLE_OBJC_ARC = YES;
				CLANG_ENABLE_OBJC_WEAK = YES;
				CLANG_WARN_BLOCK_CAPTURE_AUTORELEASING = YES;
				CLANG_WARN_BOOL_CONVERSION = YES;
				CLANG_WARN_COMMA = YES;
				CLANG_WARN_CONSTANT_CONVERSION = YES;
				CLANG_WARN_DEPRECATED_OBJC_IMPLEMENTATIONS = YES;
				CLANG_WARN_DIRECT_OBJC_ISA_USAGE = YES_ERROR;
				CLANG_WARN_DOCUMENTATION_COMMENTS = YES;
				CLANG_WARN_EMPTY_BODY = YES;
				CLANG_WARN_ENUM_CONVERSION = YES;
				CLANG_WARN_INFINITE_RECURSION = YES;
				CLANG_WARN_INT_CONVERSION = YES;
				CLANG_WARN_NON_LITERAL_NULL_CONVERSION = YES;
				CLANG_WARN_OBJC_IMPLICIT_RETAIN_SELF = YES;
				CLANG_WARN_OBJC_LITERAL_CONVERSION = YES;
				CLANG_WARN_OBJC_ROOT_CLASS = YES_ERROR;
				CLANG_WARN_RANGE_LOOP_ANALYSIS = YES;
				CLANG_WARN_STRICT_PROTOTYPES = YES;
				CLANG_WARN_SUSPICIOUS_MOVE = YES;
				CLANG_WARN_UNGUARDED_AVAILABILITY = YES_AGGRESSIVE;
				CLANG_WARN_UNREACHABLE_CODE = YES;
				CLANG_WARN__DUPLICATE_METHOD_MATCH = YES;
				COPY_PHASE_STRIP = NO;
				DEBUG_INFORMATION_FORMAT = "dwarf-with-dsym";
				ENABLE_NS_ASSERTIONS = NO;
				ENABLE_STRICT_OBJC_MSGSEND = YES;
				GCC_C_LANGUAGE_STANDARD = gnu11;
				GCC_NO_COMMON_BLOCKS = YES;
				GCC_WARN_64_TO_32_BIT_CONVERSION = YES;
				GCC_WARN_ABOUT_RETURN_TYPE = YES_ERROR;
				GCC_WARN_UNDECLARED_SELECTOR = YES;
				GCC_WARN_UNINITIALIZED_AUTOS = YES_AGGRESSIVE;
				GCC_WARN_UNUSED_FUNCTION = YES;
				GCC_WARN_UNUSED_VARIABLE = YES;
				IPHONEOS_DEPLOYMENT_TARGET = 13.0;
				MTL_ENABLE_DEBUG_INFO = NO;
				MTL_FAST_MATH = YES;
				SDKROOT = iphoneos;
				SWIFT_COMPILATION_MODE = wholemodule;
				SWIFT_OPTIMIZATION_LEVEL = "-O";
				VALIDATE_PRODUCT = YES;
			};
			name = Release;
		};
		1DB60FAD232E2A6500F57983 /* Debug */ = {
			isa = XCBuildConfiguration;
			buildSettings = {
				ASSETCATALOG_COMPILER_APPICON_NAME = AppIcon;
				CODE_SIGN_STYLE = Automatic;
				DEVELOPMENT_ASSET_PATHS = "\"TheMovie-Swiftui/Preview Content\"";
				ENABLE_PREVIEWS = YES;
				INFOPLIST_FILE = "TheMovie-Swiftui/Info.plist";
				LD_RUNPATH_SEARCH_PATHS = (
					"$(inherited)",
					"@executable_path/Frameworks",
				);
				PRODUCT_BUNDLE_IDENTIFIER = "com.devsloop.TheMovie-Swiftui";
				PRODUCT_NAME = "$(TARGET_NAME)";
				SWIFT_VERSION = 5.0;
				TARGETED_DEVICE_FAMILY = "1,2";
			};
			name = Debug;
		};
		1DB60FAE232E2A6500F57983 /* Release */ = {
			isa = XCBuildConfiguration;
			buildSettings = {
				ASSETCATALOG_COMPILER_APPICON_NAME = AppIcon;
				CODE_SIGN_STYLE = Automatic;
				DEVELOPMENT_ASSET_PATHS = "\"TheMovie-Swiftui/Preview Content\"";
				ENABLE_PREVIEWS = YES;
				INFOPLIST_FILE = "TheMovie-Swiftui/Info.plist";
				LD_RUNPATH_SEARCH_PATHS = (
					"$(inherited)",
					"@executable_path/Frameworks",
				);
				PRODUCT_BUNDLE_IDENTIFIER = "com.devsloop.TheMovie-Swiftui";
				PRODUCT_NAME = "$(TARGET_NAME)";
				SWIFT_VERSION = 5.0;
				TARGETED_DEVICE_FAMILY = "1,2";
			};
			name = Release;
		};
/* End XCBuildConfiguration section */

/* Begin XCConfigurationList section */
		1DB60F93232E2A5F00F57983 /* Build configuration list for PBXProject "TheMovie-Swiftui" */ = {
			isa = XCConfigurationList;
			buildConfigurations = (
				1DB60FAA232E2A6500F57983 /* Debug */,
				1DB60FAB232E2A6500F57983 /* Release */,
			);
			defaultConfigurationIsVisible = 0;
			defaultConfigurationName = Release;
		};
		1DB60FAC232E2A6500F57983 /* Build configuration list for PBXNativeTarget "TheMovie-Swiftui" */ = {
			isa = XCConfigurationList;
			buildConfigurations = (
				1DB60FAD232E2A6500F57983 /* Debug */,
				1DB60FAE232E2A6500F57983 /* Release */,
			);
			defaultConfigurationIsVisible = 0;
			defaultConfigurationName = Release;
		};
/* End XCConfigurationList section */
	};
	rootObject = 1DB60F90232E2A5F00F57983 /* Project object */;
}
